{
  "name": "Django_project_shop",
  "lockfileVersion": 2,
  "requires": true,
  "packages": {
    "": {
      "dependencies": {
        "uikit": "^3.17.4"
      }
    },
    "node_modules/uikit": {
      "version": "3.17.4",
      "resolved": "https://registry.npmjs.org/uikit/-/uikit-3.17.4.tgz",
      "integrity": "sha512-Z+8yVBFuE3a+AYqP6T7m+YF37uLnBOGZOEqWohjSUXnBBgxb55Ac9vkE/T77tJn7mCHlhTXLFr/Tvjpe4TxXvg=="
    }
  },
  "dependencies": {
    "uikit": {
      "version": "3.17.4",
      "resolved": "https://registry.npmjs.org/uikit/-/uikit-3.17.4.tgz",
      "integrity": "sha512-Z+8yVBFuE3a+AYqP6T7m+YF37uLnBOGZOEqWohjSUXnBBgxb55Ac9vkE/T77tJn7mCHlhTXLFr/Tvjpe4TxXvg=="
    }
  }
}
